
Microsoft Visual Studio Solution File, Format Version 12.00
# Visual Studio 15
VisualStudioVersion = 15.0.26730.8
MinimumVisualStudioVersion = 10.0.40219.1
Project("{9A19103F-16F7-4668-BE54-9A1E7A4F7556}") = "RazorTestDemo", "RazorTestDemo.csproj", "{49DC814E-D256-4E24-899A-A8E0FE6E07FD}"
EndProject
Global
	GlobalSection(SolutionConfigurationPlatforms) = preSolution
		Debug|Any CPU = Debug|Any CPU
		Release|Any CPU = Release|Any CPU
	EndGlobalSection
	GlobalSection(ProjectConfigurationPlatforms) = postSolution
		{49DC814E-D256-4E24-899A-A8E0FE6E07FD}.Debug|Any CPU.ActiveCfg = Debug|Any CPU
		{49DC814E-D256-4E24-899A-A8E0FE6E07FD}.Debug|Any CPU.Build.0 = Debug|Any CPU
		{49DC814E-D256-4E24-899A-A8E0FE6E07FD}.Release|Any CPU.ActiveCfg = Release|Any CPU
		{49DC814E-D256-4E24-899A-A8E0FE6E07FD}.Release|Any CPU.Build.0 = Release|Any CPU
	EndGlobalSection
	GlobalSection(SolutionProperties) = preSolution
		HideSolutionNode = FALSE
	EndGlobalSection
	GlobalSection(ExtensibilityGlobals) = postSolution
		SolutionGuid = {1F5629C6-92C6-4AD6-89E0-AFFF446E09C4}
	EndGlobalSection
EndGlobal
